
Microsoft Visual Studio Solution File, Format Version 12.00
# Visual Studio 2015
Project("{FAE04EC0-301F-11D3-BF4B-00C04F79EFBC}") = "Operation Sin Wave.Plugins", "Operation Sin Wave.Plugins.csproj", "{0A697ED5-20BE-BE58-7B58-4ADDB5D3CDA8}"
EndProject
Project("{FAE04EC0-301F-11D3-BF4B-00C04F79EFBC}") = "Operation Sin Wave", "Operation Sin Wave.csproj", "{72D14252-72BC-AC60-4537-09ECFEBEB3C1}"
EndProject
Project("{FAE04EC0-301F-11D3-BF4B-00C04F79EFBC}") = "Operation Sin Wave.Editor", "Operation Sin Wave.Editor.csproj", "{4875AFD0-E480-1574-F019-210F7755122B}"
EndProject
Global
	GlobalSection(SolutionConfigurationPlatforms) = preSolution
		Debug|Any CPU = Debug|Any CPU
		Release|Any CPU = Release|Any CPU
	EndGlobalSection
	GlobalSection(ProjectConfigurationPlatforms) = postSolution
		{0A697ED5-20BE-BE58-7B58-4ADDB5D3CDA8}.Debug|Any CPU.ActiveCfg = Debug|Any CPU
		{0A697ED5-20BE-BE58-7B58-4ADDB5D3CDA8}.Debug|Any CPU.Build.0 = Debug|Any CPU
		{0A697ED5-20BE-BE58-7B58-4ADDB5D3CDA8}.Release|Any CPU.ActiveCfg = Release|Any CPU
		{0A697ED5-20BE-BE58-7B58-4ADDB5D3CDA8}.Release|Any CPU.Build.0 = Release|Any CPU
		{72D14252-72BC-AC60-4537-09ECFEBEB3C1}.Debug|Any CPU.ActiveCfg = Debug|Any CPU
		{72D14252-72BC-AC60-4537-09ECFEBEB3C1}.Debug|Any CPU.Build.0 = Debug|Any CPU
		{72D14252-72BC-AC60-4537-09ECFEBEB3C1}.Release|Any CPU.ActiveCfg = Release|Any CPU
		{72D14252-72BC-AC60-4537-09ECFEBEB3C1}.Release|Any CPU.Build.0 = Release|Any CPU
		{4875AFD0-E480-1574-F019-210F7755122B}.Debug|Any CPU.ActiveCfg = Debug|Any CPU
		{4875AFD0-E480-1574-F019-210F7755122B}.Debug|Any CPU.Build.0 = Debug|Any CPU
		{4875AFD0-E480-1574-F019-210F7755122B}.Release|Any CPU.ActiveCfg = Release|Any CPU
		{4875AFD0-E480-1574-F019-210F7755122B}.Release|Any CPU.Build.0 = Release|Any CPU
	EndGlobalSection
	GlobalSection(SolutionProperties) = preSolution
		HideSolutionNode = FALSE
	EndGlobalSection
EndGlobal
